
Microsoft Visual Studio Solution File, Format Version 12.00
# Visual Studio Version 17
VisualStudioVersion = 17.1.32421.90
MinimumVisualStudioVersion = 10.0.40219.1
Project("{888888A0-9F3D-457C-B088-3A5042F75D52}") = "learn python", "learn python\learn python.pyproj", "{0C5E387A-3912-4713-AF91-7CE890D8DDDE}"
EndProject
Global
	GlobalSection(SolutionConfigurationPlatforms) = preSolution
		Debug|Any CPU = Debug|Any CPU
		Release|Any CPU = Release|Any CPU
	EndGlobalSection
	GlobalSection(ProjectConfigurationPlatforms) = postSolution
		{0C5E387A-3912-4713-AF91-7CE890D8DDDE}.Debug|Any CPU.ActiveCfg = Debug|Any CPU
		{0C5E387A-3912-4713-AF91-7CE890D8DDDE}.Release|Any CPU.ActiveCfg = Release|Any CPU
	EndGlobalSection
	GlobalSection(SolutionProperties) = preSolution
		HideSolutionNode = FALSE
	EndGlobalSection
	GlobalSection(ExtensibilityGlobals) = postSolution
		SolutionGuid = {4D41C713-CF4C-447E-9AC1-2DC33D30346C}
	EndGlobalSection
EndGlobal
